
Microsoft Visual Studio Solution File, Format Version 12.00
# Visual Studio Version 17
VisualStudioVersion = 17.5.33516.290
MinimumVisualStudioVersion = 10.0.40219.1
Project("{FAE04EC0-301F-11D3-BF4B-00C04F79EFBC}") = "QueueSender", "QueueSender\QueueSender.csproj", "{70F8B40D-AE8C-4DCC-B75C-AAE7997EB6C3}"
EndProject
Project("{FAE04EC0-301F-11D3-BF4B-00C04F79EFBC}") = "QueueReceiver", "QueueReceiver\QueueReceiver.csproj", "{1431F59E-F398-4398-855F-70783B3DDF14}"
EndProject
Global
	GlobalSection(SolutionConfigurationPlatforms) = preSolution
		Debug|Any CPU = Debug|Any CPU
		Release|Any CPU = Release|Any CPU
	EndGlobalSection
	GlobalSection(ProjectConfigurationPlatforms) = postSolution
		{70F8B40D-AE8C-4DCC-B75C-AAE7997EB6C3}.Debug|Any CPU.ActiveCfg = Debug|Any CPU
		{70F8B40D-AE8C-4DCC-B75C-AAE7997EB6C3}.Debug|Any CPU.Build.0 = Debug|Any CPU
		{70F8B40D-AE8C-4DCC-B75C-AAE7997EB6C3}.Release|Any CPU.ActiveCfg = Release|Any CPU
		{70F8B40D-AE8C-4DCC-B75C-AAE7997EB6C3}.Release|Any CPU.Build.0 = Release|Any CPU
		{1431F59E-F398-4398-855F-70783B3DDF14}.Debug|Any CPU.ActiveCfg = Debug|Any CPU
		{1431F59E-F398-4398-855F-70783B3DDF14}.Debug|Any CPU.Build.0 = Debug|Any CPU
		{1431F59E-F398-4398-855F-70783B3DDF14}.Release|Any CPU.ActiveCfg = Release|Any CPU
		{1431F59E-F398-4398-855F-70783B3DDF14}.Release|Any CPU.Build.0 = Release|Any CPU
	EndGlobalSection
	GlobalSection(SolutionProperties) = preSolution
		HideSolutionNode = FALSE
	EndGlobalSection
	GlobalSection(ExtensibilityGlobals) = postSolution
		SolutionGuid = {A86A09EE-1E06-4B46-86DA-6206D4FD8E3B}
	EndGlobalSection
EndGlobal
